
Microsoft Visual Studio Solution File, Format Version 12.00
# Visual Studio Version 17
VisualStudioVersion = 17.2.32526.322
MinimumVisualStudioVersion = 10.0.40219.1
Project("{9A19103F-16F7-4668-BE54-9A1E7A4F7556}") = "Tests.Users.Api", "Tests.User.Api\Tests.Users.Api.csproj", "{04D394A2-554B-46A6-88DE-E3E69AA2E640}"
EndProject
Project("{9A19103F-16F7-4668-BE54-9A1E7A4F7556}") = "Tests.Users.Api.Test", "Tests.User.Api.Test\Tests.Users.Api.Test.csproj", "{BBB775FA-ADD3-411B-B84E-CD86365FB05C}"
EndProject
Global
	GlobalSection(SolutionConfigurationPlatforms) = preSolution
		Debug|Any CPU = Debug|Any CPU
		Release|Any CPU = Release|Any CPU
	EndGlobalSection
	GlobalSection(ProjectConfigurationPlatforms) = postSolution
		{04D394A2-554B-46A6-88DE-E3E69AA2E640}.Debug|Any CPU.ActiveCfg = Debug|Any CPU
		{04D394A2-554B-46A6-88DE-E3E69AA2E640}.Debug|Any CPU.Build.0 = Debug|Any CPU
		{04D394A2-554B-46A6-88DE-E3E69AA2E640}.Release|Any CPU.ActiveCfg = Release|Any CPU
		{04D394A2-554B-46A6-88DE-E3E69AA2E640}.Release|Any CPU.Build.0 = Release|Any CPU
		{BBB775FA-ADD3-411B-B84E-CD86365FB05C}.Debug|Any CPU.ActiveCfg = Debug|Any CPU
		{BBB775FA-ADD3-411B-B84E-CD86365FB05C}.Debug|Any CPU.Build.0 = Debug|Any CPU
		{BBB775FA-ADD3-411B-B84E-CD86365FB05C}.Release|Any CPU.ActiveCfg = Release|Any CPU
		{BBB775FA-ADD3-411B-B84E-CD86365FB05C}.Release|Any CPU.Build.0 = Release|Any CPU
	EndGlobalSection
	GlobalSection(SolutionProperties) = preSolution
		HideSolutionNode = FALSE
	EndGlobalSection
	GlobalSection(ExtensibilityGlobals) = postSolution
		SolutionGuid = {C88557AA-7C26-46F2-ADED-F6BC0BB4710C}
	EndGlobalSection
EndGlobal
